
Microsoft Visual Studio Solution File, Format Version 12.00
# Visual Studio Version 16
VisualStudioVersion = 16.0.32106.194
MinimumVisualStudioVersion = 10.0.40219.1
Project("{FAE04EC0-301F-11D3-BF4B-00C04F79EFBC}") = "ConsoleApp1", "ConsoleApp1\ConsoleApp1.csproj", "{1F353D4D-B0D4-4D05-9BDA-DEBF5F75C82B}"
EndProject
Global
	GlobalSection(SolutionConfigurationPlatforms) = preSolution
		Debug|Any CPU = Debug|Any CPU
		Release|Any CPU = Release|Any CPU
	EndGlobalSection
	GlobalSection(ProjectConfigurationPlatforms) = postSolution
		{1F353D4D-B0D4-4D05-9BDA-DEBF5F75C82B}.Debug|Any CPU.ActiveCfg = Debug|Any CPU
		{1F353D4D-B0D4-4D05-9BDA-DEBF5F75C82B}.Debug|Any CPU.Build.0 = Debug|Any CPU
		{1F353D4D-B0D4-4D05-9BDA-DEBF5F75C82B}.Release|Any CPU.ActiveCfg = Release|Any CPU
		{1F353D4D-B0D4-4D05-9BDA-DEBF5F75C82B}.Release|Any CPU.Build.0 = Release|Any CPU
	EndGlobalSection
	GlobalSection(SolutionProperties) = preSolution
		HideSolutionNode = FALSE
	EndGlobalSection
	GlobalSection(ExtensibilityGlobals) = postSolution
		SolutionGuid = {A3FD7D69-90C9-4829-9C8E-0DED5A730730}
	EndGlobalSection
EndGlobal
